
Microsoft Visual Studio Solution File, Format Version 12.00
# Visual Studio 15
VisualStudioVersion = 15.0.28010.2016
MinimumVisualStudioVersion = 10.0.40219.1
Project("{FAE04EC0-301F-11D3-BF4B-00C04F79EFBC}") = "CRUDOperation", "CRUDOperation\CRUDOperation.csproj", "{5A894406-2193-4ABF-A062-2E314F39F834}"
EndProject
Global
	GlobalSection(SolutionConfigurationPlatforms) = preSolution
		Debug|Any CPU = Debug|Any CPU
		Release|Any CPU = Release|Any CPU
	EndGlobalSection
	GlobalSection(ProjectConfigurationPlatforms) = postSolution
		{5A894406-2193-4ABF-A062-2E314F39F834}.Debug|Any CPU.ActiveCfg = Debug|Any CPU
		{5A894406-2193-4ABF-A062-2E314F39F834}.Debug|Any CPU.Build.0 = Debug|Any CPU
		{5A894406-2193-4ABF-A062-2E314F39F834}.Release|Any CPU.ActiveCfg = Release|Any CPU
		{5A894406-2193-4ABF-A062-2E314F39F834}.Release|Any CPU.Build.0 = Release|Any CPU
	EndGlobalSection
	GlobalSection(SolutionProperties) = preSolution
		HideSolutionNode = FALSE
	EndGlobalSection
	GlobalSection(ExtensibilityGlobals) = postSolution
		SolutionGuid = {46B7EA32-224B-4DB1-B547-371DA4797D31}
	EndGlobalSection
EndGlobal
